
Microsoft Visual Studio Solution File, Format Version 12.00
# Visual Studio Version 17
VisualStudioVersion = 17.9.34616.47
MinimumVisualStudioVersion = 10.0.40219.1
Project("{9A19103F-16F7-4668-BE54-9A1E7A4F7556}") = "PredictionsAPI", "PredictionsAPI\PredictionsAPI.csproj", "{BEBE20E5-3266-46B8-AE11-F6D0C128F039}"
EndProject
Global
	GlobalSection(SolutionConfigurationPlatforms) = preSolution
		Debug|Any CPU = Debug|Any CPU
		Release|Any CPU = Release|Any CPU
	EndGlobalSection
	GlobalSection(ProjectConfigurationPlatforms) = postSolution
		{BEBE20E5-3266-46B8-AE11-F6D0C128F039}.Debug|Any CPU.ActiveCfg = Debug|Any CPU
		{BEBE20E5-3266-46B8-AE11-F6D0C128F039}.Debug|Any CPU.Build.0 = Debug|Any CPU
		{BEBE20E5-3266-46B8-AE11-F6D0C128F039}.Release|Any CPU.ActiveCfg = Release|Any CPU
		{BEBE20E5-3266-46B8-AE11-F6D0C128F039}.Release|Any CPU.Build.0 = Release|Any CPU
	EndGlobalSection
	GlobalSection(SolutionProperties) = preSolution
		HideSolutionNode = FALSE
	EndGlobalSection
	GlobalSection(ExtensibilityGlobals) = postSolution
		SolutionGuid = {FE0C36AF-22FF-4B47-B820-36171EB46F6D}
	EndGlobalSection
EndGlobal
